
Microsoft Visual Studio Solution File, Format Version 12.00
Project("{FAE04EC0-301F-11D3-BF4B-00C04F79EFBC}") = "temp", "temp\temp.csproj", "{513A56B2-9768-4B10-AD90-E1A34663378B}"
EndProject
Global
	GlobalSection(SolutionConfigurationPlatforms) = preSolution
		Debug|Any CPU = Debug|Any CPU
		Release|Any CPU = Release|Any CPU
	EndGlobalSection
	GlobalSection(ProjectConfigurationPlatforms) = postSolution
		{513A56B2-9768-4B10-AD90-E1A34663378B}.Debug|Any CPU.ActiveCfg = Debug|Any CPU
		{513A56B2-9768-4B10-AD90-E1A34663378B}.Debug|Any CPU.Build.0 = Debug|Any CPU
		{513A56B2-9768-4B10-AD90-E1A34663378B}.Release|Any CPU.ActiveCfg = Release|Any CPU
		{513A56B2-9768-4B10-AD90-E1A34663378B}.Release|Any CPU.Build.0 = Release|Any CPU
	EndGlobalSection
EndGlobal
